
Microsoft Visual Studio Solution File, Format Version 12.00
# Visual Studio Version 17
VisualStudioVersion = 17.6.33815.320
MinimumVisualStudioVersion = 10.0.40219.1
Project("{FAE04EC0-301F-11D3-BF4B-00C04F79EFBC}") = "Day6", "Day6\Day6.csproj", "{317BDDBF-4062-4284-ABF4-741E3A230692}"
EndProject
Global
	GlobalSection(SolutionConfigurationPlatforms) = preSolution
		Debug|Any CPU = Debug|Any CPU
		Release|Any CPU = Release|Any CPU
	EndGlobalSection
	GlobalSection(ProjectConfigurationPlatforms) = postSolution
		{317BDDBF-4062-4284-ABF4-741E3A230692}.Debug|Any CPU.ActiveCfg = Debug|Any CPU
		{317BDDBF-4062-4284-ABF4-741E3A230692}.Debug|Any CPU.Build.0 = Debug|Any CPU
		{317BDDBF-4062-4284-ABF4-741E3A230692}.Release|Any CPU.ActiveCfg = Release|Any CPU
		{317BDDBF-4062-4284-ABF4-741E3A230692}.Release|Any CPU.Build.0 = Release|Any CPU
	EndGlobalSection
	GlobalSection(SolutionProperties) = preSolution
		HideSolutionNode = FALSE
	EndGlobalSection
	GlobalSection(ExtensibilityGlobals) = postSolution
		SolutionGuid = {93282071-B619-4A3D-B833-CF8CF7DA7548}
	EndGlobalSection
EndGlobal
