
Microsoft Visual Studio Solution File, Format Version 12.00
# Visual Studio Version 17
VisualStudioVersion = 17.6.33815.320
MinimumVisualStudioVersion = 10.0.40219.1
Project("{FAE04EC0-301F-11D3-BF4B-00C04F79EFBC}") = "Day3", "Day3\Day3.csproj", "{D2D9A9EB-D595-466F-A521-B0683C39C418}"
EndProject
Project("{FAE04EC0-301F-11D3-BF4B-00C04F79EFBC}") = "DemoInheritance", "DemoInheritance\DemoInheritance.csproj", "{52B3E069-7A2B-48C2-B82D-C25EA711317A}"
EndProject
Global
	GlobalSection(SolutionConfigurationPlatforms) = preSolution
		Debug|Any CPU = Debug|Any CPU
		Release|Any CPU = Release|Any CPU
	EndGlobalSection
	GlobalSection(ProjectConfigurationPlatforms) = postSolution
		{D2D9A9EB-D595-466F-A521-B0683C39C418}.Debug|Any CPU.ActiveCfg = Debug|Any CPU
		{D2D9A9EB-D595-466F-A521-B0683C39C418}.Debug|Any CPU.Build.0 = Debug|Any CPU
		{D2D9A9EB-D595-466F-A521-B0683C39C418}.Release|Any CPU.ActiveCfg = Release|Any CPU
		{D2D9A9EB-D595-466F-A521-B0683C39C418}.Release|Any CPU.Build.0 = Release|Any CPU
		{52B3E069-7A2B-48C2-B82D-C25EA711317A}.Debug|Any CPU.ActiveCfg = Debug|Any CPU
		{52B3E069-7A2B-48C2-B82D-C25EA711317A}.Debug|Any CPU.Build.0 = Debug|Any CPU
		{52B3E069-7A2B-48C2-B82D-C25EA711317A}.Release|Any CPU.ActiveCfg = Release|Any CPU
		{52B3E069-7A2B-48C2-B82D-C25EA711317A}.Release|Any CPU.Build.0 = Release|Any CPU
	EndGlobalSection
	GlobalSection(SolutionProperties) = preSolution
		HideSolutionNode = FALSE
	EndGlobalSection
	GlobalSection(ExtensibilityGlobals) = postSolution
		SolutionGuid = {4ADA3B76-43D3-4A01-8DE6-E3FCA997BD05}
	EndGlobalSection
EndGlobal
